{
  "pins" : [
    {
      "identity" : "music-notation",
      "kind" : "remoteSourceControl",
      "location" : "https://github.com/rsarv3006/music-notation",
      "state" : {
        "branch" : "main",
        "revision" : "bd41e2a5b4949e3e68bab7b21851a5c0d7e9524d"
      }
    }
  ],
  "version" : 2
}
